
Microsoft Visual Studio Solution File, Format Version 12.00
# Visual Studio 15
VisualStudioVersion = 15.0.27004.2010
MinimumVisualStudioVersion = 10.0.40219.1
Project("{FAE04EC0-301F-11D3-BF4B-00C04F79EFBC}") = "CreditApp.Core.UWP", "CreditApp\CreditApp\CreditApp.Core.UWP.csproj", "{418E280A-9F4E-4D85-815B-FA7742C6A0F8}"
EndProject
Project("{FAE04EC0-301F-11D3-BF4B-00C04F79EFBC}") = "CreditApp.UWP", "CreditApp\CreditApp.UWP\CreditApp.UWP.csproj", "{763DCDD6-13F3-4511-93B2-18716E51105F}"
EndProject
Project("{FAE04EC0-301F-11D3-BF4B-00C04F79EFBC}") = "CreditApp.Core", "CreditApp.Core\CreditApp.Core.csproj", "{77395AD5-FD08-41C9-9F3E-944BE1FD3FB9}"
EndProject
Project("{2150E333-8FDC-42A3-9474-1A3956D46DE8}") = "UWP", "UWP", "{7A8268FA-901E-4F13-BAA0-6F47F3A6310E}"
EndProject
Project("{FAE04EC0-301F-11D3-BF4B-00C04F79EFBC}") = "CreditApp.Infrastructure.Data", "CreditApp.Infrastructure.Data\CreditApp.Infrastructure.Data.csproj", "{943A7F85-6DBB-4C79-AFF0-2DF617C6E10E}"
EndProject
Project("{FAE04EC0-301F-11D3-BF4B-00C04F79EFBC}") = "CreditApp.Infrastructure.Dto", "CreditApp.Infrastructure.Dto\CreditApp.Infrastructure.Dto.csproj", "{D23E5D62-5FAF-4598-A4A2-74A3DA4948C7}"
EndProject
Project("{FAE04EC0-301F-11D3-BF4B-00C04F79EFBC}") = "CreditApp.Domain", "CreditApp.Domain\CreditApp.Domain.csproj", "{AA96EA76-7A95-4736-AEFC-543307C574EE}"
EndProject
Project("{FAE04EC0-301F-11D3-BF4B-00C04F79EFBC}") = "CreditApp.Domain.Services", "CreditApp.Domain.Services\CreditApp.Domain.Services.csproj", "{5585783C-6224-4CC6-B1D9-B848A2B63A53}"
EndProject
Project("{FAE04EC0-301F-11D3-BF4B-00C04F79EFBC}") = "CreditApp.Helpers", "CreditApp.Helpers\CreditApp.Helpers.csproj", "{B8B1B6A7-2209-4358-B48B-22A791AFB531}"
EndProject
Global
	GlobalSection(SolutionConfigurationPlatforms) = preSolution
		Ad-Hoc|Any CPU = Ad-Hoc|Any CPU
		Ad-Hoc|ARM = Ad-Hoc|ARM
		Ad-Hoc|iPhone = Ad-Hoc|iPhone
		Ad-Hoc|iPhoneSimulator = Ad-Hoc|iPhoneSimulator
		Ad-Hoc|x64 = Ad-Hoc|x64
		Ad-Hoc|x86 = Ad-Hoc|x86
		AppStore|Any CPU = AppStore|Any CPU
		AppStore|ARM = AppStore|ARM
		AppStore|iPhone = AppStore|iPhone
		AppStore|iPhoneSimulator = AppStore|iPhoneSimulator
		AppStore|x64 = AppStore|x64
		AppStore|x86 = AppStore|x86
		Debug|Any CPU = Debug|Any CPU
		Debug|ARM = Debug|ARM
		Debug|iPhone = Debug|iPhone
		Debug|iPhoneSimulator = Debug|iPhoneSimulator
		Debug|x64 = Debug|x64
		Debug|x86 = Debug|x86
		Release|Any CPU = Release|Any CPU
		Release|ARM = Release|ARM
		Release|iPhone = Release|iPhone
		Release|iPhoneSimulator = Release|iPhoneSimulator
		Release|x64 = Release|x64
		Release|x86 = Release|x86
	EndGlobalSection
	GlobalSection(ProjectConfigurationPlatforms) = postSolution
		{418E280A-9F4E-4D85-815B-FA7742C6A0F8}.Ad-Hoc|Any CPU.ActiveCfg = Release|Any CPU
		{418E280A-9F4E-4D85-815B-FA7742C6A0F8}.Ad-Hoc|Any CPU.Build.0 = Release|Any CPU
		{418E280A-9F4E-4D85-815B-FA7742C6A0F8}.Ad-Hoc|ARM.ActiveCfg = Release|Any CPU
		{418E280A-9F4E-4D85-815B-FA7742C6A0F8}.Ad-Hoc|ARM.Build.0 = Release|Any CPU
		{418E280A-9F4E-4D85-815B-FA7742C6A0F8}.Ad-Hoc|iPhone.ActiveCfg = Release|Any CPU
		{418E280A-9F4E-4D85-815B-FA7742C6A0F8}.Ad-Hoc|iPhone.Build.0 = Release|Any CPU
		{418E280A-9F4E-4D85-815B-FA7742C6A0F8}.Ad-Hoc|iPhoneSimulator.ActiveCfg = Release|Any CPU
		{418E280A-9F4E-4D85-815B-FA7742C6A0F8}.Ad-Hoc|iPhoneSimulator.Build.0 = Release|Any CPU
		{418E280A-9F4E-4D85-815B-FA7742C6A0F8}.Ad-Hoc|x64.ActiveCfg = Release|Any CPU
		{418E280A-9F4E-4D85-815B-FA7742C6A0F8}.Ad-Hoc|x64.Build.0 = Release|Any CPU
		{418E280A-9F4E-4D85-815B-FA7742C6A0F8}.Ad-Hoc|x86.ActiveCfg = Release|Any CPU
		{418E280A-9F4E-4D85-815B-FA7742C6A0F8}.Ad-Hoc|x86.Build.0 = Release|Any CPU
		{418E280A-9F4E-4D85-815B-FA7742C6A0F8}.AppStore|Any CPU.ActiveCfg = Release|Any CPU
		{418E280A-9F4E-4D85-815B-FA7742C6A0F8}.AppStore|Any CPU.Build.0 = Release|Any CPU
		{418E280A-9F4E-4D85-815B-FA7742C6A0F8}.AppStore|ARM.ActiveCfg = Release|Any CPU
		{418E280A-9F4E-4D85-815B-FA7742C6A0F8}.AppStore|ARM.Build.0 = Release|Any CPU
		{418E280A-9F4E-4D85-815B-FA7742C6A0F8}.AppStore|iPhone.ActiveCfg = Release|Any CPU
		{418E280A-9F4E-4D85-815B-FA7742C6A0F8}.AppStore|iPhone.Build.0 = Release|Any CPU
		{418E280A-9F4E-4D85-815B-FA7742C6A0F8}.AppStore|iPhoneSimulator.ActiveCfg = Release|Any CPU
		{418E280A-9F4E-4D85-815B-FA7742C6A0F8}.AppStore|iPhoneSimulator.Build.0 = Release|Any CPU
		{418E280A-9F4E-4D85-815B-FA7742C6A0F8}.AppStore|x64.ActiveCfg = Release|Any CPU
		{418E280A-9F4E-4D85-815B-FA7742C6A0F8}.AppStore|x64.Build.0 = Release|Any CPU
		{418E280A-9F4E-4D85-815B-FA7742C6A0F8}.AppStore|x86.ActiveCfg = Release|Any CPU
		{418E280A-9F4E-4D85-815B-FA7742C6A0F8}.AppStore|x86.Build.0 = Release|Any CPU
		{418E280A-9F4E-4D85-815B-FA7742C6A0F8}.Debug|Any CPU.ActiveCfg = Debug|Any CPU
		{418E280A-9F4E-4D85-815B-FA7742C6A0F8}.Debug|Any CPU.Build.0 = Debug|Any CPU
		{418E280A-9F4E-4D85-815B-FA7742C6A0F8}.Debug|ARM.ActiveCfg = Debug|Any CPU
		{418E280A-9F4E-4D85-815B-FA7742C6A0F8}.Debug|ARM.Build.0 = Debug|Any CPU
		{418E280A-9F4E-4D85-815B-FA7742C6A0F8}.Debug|iPhone.ActiveCfg = Debug|Any CPU
		{418E280A-9F4E-4D85-815B-FA7742C6A0F8}.Debug|iPhone.Build.0 = Debug|Any CPU
		{418E280A-9F4E-4D85-815B-FA7742C6A0F8}.Debug|iPhoneSimulator.ActiveCfg = Debug|Any CPU
		{418E280A-9F4E-4D85-815B-FA7742C6A0F8}.Debug|iPhoneSimulator.Build.0 = Debug|Any CPU
		{418E280A-9F4E-4D85-815B-FA7742C6A0F8}.Debug|x64.ActiveCfg = Debug|Any CPU
		{418E280A-9F4E-4D85-815B-FA7742C6A0F8}.Debug|x64.Build.0 = Debug|Any CPU
		{418E280A-9F4E-4D85-815B-FA7742C6A0F8}.Debug|x86.ActiveCfg = Debug|Any CPU
		{418E280A-9F4E-4D85-815B-FA7742C6A0F8}.Debug|x86.Build.0 = Debug|Any CPU
		{418E280A-9F4E-4D85-815B-FA7742C6A0F8}.Release|Any CPU.ActiveCfg = Release|Any CPU
		{418E280A-9F4E-4D85-815B-FA7742C6A0F8}.Release|Any CPU.Build.0 = Release|Any CPU
		{418E280A-9F4E-4D85-815B-FA7742C6A0F8}.Release|ARM.ActiveCfg = Release|Any CPU
		{418E280A-9F4E-4D85-815B-FA7742C6A0F8}.Release|ARM.Build.0 = Release|Any CPU
		{418E280A-9F4E-4D85-815B-FA7742C6A0F8}.Release|iPhone.ActiveCfg = Release|Any CPU
		{418E280A-9F4E-4D85-815B-FA7742C6A0F8}.Release|iPhone.Build.0 = Release|Any CPU
		{418E280A-9F4E-4D85-815B-FA7742C6A0F8}.Release|iPhoneSimulator.ActiveCfg = Release|Any CPU
		{418E280A-9F4E-4D85-815B-FA7742C6A0F8}.Release|iPhoneSimulator.Build.0 = Release|Any CPU
		{418E280A-9F4E-4D85-815B-FA7742C6A0F8}.Release|x64.ActiveCfg = Release|Any CPU
		{418E280A-9F4E-4D85-815B-FA7742C6A0F8}.Release|x64.Build.0 = Release|Any CPU
		{418E280A-9F4E-4D85-815B-FA7742C6A0F8}.Release|x86.ActiveCfg = Release|Any CPU
		{418E280A-9F4E-4D85-815B-FA7742C6A0F8}.Release|x86.Build.0 = Release|Any CPU
		{763DCDD6-13F3-4511-93B2-18716E51105F}.Ad-Hoc|Any CPU.ActiveCfg = Release|x86
		{763DCDD6-13F3-4511-93B2-18716E51105F}.Ad-Hoc|Any CPU.Build.0 = Release|x86
		{763DCDD6-13F3-4511-93B2-18716E51105F}.Ad-Hoc|Any CPU.Deploy.0 = Release|x86
		{763DCDD6-13F3-4511-93B2-18716E51105F}.Ad-Hoc|ARM.ActiveCfg = Release|ARM
		{763DCDD6-13F3-4511-93B2-18716E51105F}.Ad-Hoc|ARM.Build.0 = Release|ARM
		{763DCDD6-13F3-4511-93B2-18716E51105F}.Ad-Hoc|ARM.Deploy.0 = Release|ARM
		{763DCDD6-13F3-4511-93B2-18716E51105F}.Ad-Hoc|iPhone.ActiveCfg = Release|x86
		{763DCDD6-13F3-4511-93B2-18716E51105F}.Ad-Hoc|iPhone.Build.0 = Release|x86
		{763DCDD6-13F3-4511-93B2-18716E51105F}.Ad-Hoc|iPhone.Deploy.0 = Release|x86
		{763DCDD6-13F3-4511-93B2-18716E51105F}.Ad-Hoc|iPhoneSimulator.ActiveCfg = Release|x86
		{763DCDD6-13F3-4511-93B2-18716E51105F}.Ad-Hoc|iPhoneSimulator.Build.0 = Release|x86
		{763DCDD6-13F3-4511-93B2-18716E51105F}.Ad-Hoc|iPhoneSimulator.Deploy.0 = Release|x86
		{763DCDD6-13F3-4511-93B2-18716E51105F}.Ad-Hoc|x64.ActiveCfg = Release|x64
		{763DCDD6-13F3-4511-93B2-18716E51105F}.Ad-Hoc|x64.Build.0 = Release|x64
		{763DCDD6-13F3-4511-93B2-18716E51105F}.Ad-Hoc|x64.Deploy.0 = Release|x64
		{763DCDD6-13F3-4511-93B2-18716E51105F}.Ad-Hoc|x86.ActiveCfg = Release|x86
		{763DCDD6-13F3-4511-93B2-18716E51105F}.Ad-Hoc|x86.Build.0 = Release|x86
		{763DCDD6-13F3-4511-93B2-18716E51105F}.Ad-Hoc|x86.Deploy.0 = Release|x86
		{763DCDD6-13F3-4511-93B2-18716E51105F}.AppStore|Any CPU.ActiveCfg = Release|x86
		{763DCDD6-13F3-4511-93B2-18716E51105F}.AppStore|Any CPU.Build.0 = Release|x86
		{763DCDD6-13F3-4511-93B2-18716E51105F}.AppStore|Any CPU.Deploy.0 = Release|x86
		{763DCDD6-13F3-4511-93B2-18716E51105F}.AppStore|ARM.ActiveCfg = Release|ARM
		{763DCDD6-13F3-4511-93B2-18716E51105F}.AppStore|ARM.Build.0 = Release|ARM
		{763DCDD6-13F3-4511-93B2-18716E51105F}.AppStore|ARM.Deploy.0 = Release|ARM
		{763DCDD6-13F3-4511-93B2-18716E51105F}.AppStore|iPhone.ActiveCfg = Release|x86
		{763DCDD6-13F3-4511-93B2-18716E51105F}.AppStore|iPhone.Build.0 = Release|x86
		{763DCDD6-13F3-4511-93B2-18716E51105F}.AppStore|iPhone.Deploy.0 = Release|x86
		{763DCDD6-13F3-4511-93B2-18716E51105F}.AppStore|iPhoneSimulator.ActiveCfg = Release|x86
		{763DCDD6-13F3-4511-93B2-18716E51105F}.AppStore|iPhoneSimulator.Build.0 = Release|x86
		{763DCDD6-13F3-4511-93B2-18716E51105F}.AppStore|iPhoneSimulator.Deploy.0 = Release|x86
		{763DCDD6-13F3-4511-93B2-18716E51105F}.AppStore|x64.ActiveCfg = Release|x64
		{763DCDD6-13F3-4511-93B2-18716E51105F}.AppStore|x64.Build.0 = Release|x64
		{763DCDD6-13F3-4511-93B2-18716E51105F}.AppStore|x64.Deploy.0 = Release|x64
		{763DCDD6-13F3-4511-93B2-18716E51105F}.AppStore|x86.ActiveCfg = Release|x86
		{763DCDD6-13F3-4511-93B2-18716E51105F}.AppStore|x86.Build.0 = Release|x86
		{763DCDD6-13F3-4511-93B2-18716E51105F}.AppStore|x86.Deploy.0 = Release|x86
		{763DCDD6-13F3-4511-93B2-18716E51105F}.Debug|Any CPU.ActiveCfg = Debug|x86
		{763DCDD6-13F3-4511-93B2-18716E51105F}.Debug|Any CPU.Build.0 = Debug|x86
		{763DCDD6-13F3-4511-93B2-18716E51105F}.Debug|Any CPU.Deploy.0 = Debug|x86
		{763DCDD6-13F3-4511-93B2-18716E51105F}.Debug|ARM.ActiveCfg = Debug|ARM
		{763DCDD6-13F3-4511-93B2-18716E51105F}.Debug|ARM.Build.0 = Debug|ARM
		{763DCDD6-13F3-4511-93B2-18716E51105F}.Debug|ARM.Deploy.0 = Debug|ARM
		{763DCDD6-13F3-4511-93B2-18716E51105F}.Debug|iPhone.ActiveCfg = Debug|x86
		{763DCDD6-13F3-4511-93B2-18716E51105F}.Debug|iPhoneSimulator.ActiveCfg = Debug|x86
		{763DCDD6-13F3-4511-93B2-18716E51105F}.Debug|x64.ActiveCfg = Debug|x64
		{763DCDD6-13F3-4511-93B2-18716E51105F}.Debug|x64.Build.0 = Debug|x64
		{763DCDD6-13F3-4511-93B2-18716E51105F}.Debug|x64.Deploy.0 = Debug|x64
		{763DCDD6-13F3-4511-93B2-18716E51105F}.Debug|x86.ActiveCfg = Debug|x86
		{763DCDD6-13F3-4511-93B2-18716E51105F}.Debug|x86.Build.0 = Debug|x86
		{763DCDD6-13F3-4511-93B2-18716E51105F}.Debug|x86.Deploy.0 = Debug|x86
		{763DCDD6-13F3-4511-93B2-18716E51105F}.Release|Any CPU.ActiveCfg = Release|x86
		{763DCDD6-13F3-4511-93B2-18716E51105F}.Release|ARM.ActiveCfg = Release|ARM
		{763DCDD6-13F3-4511-93B2-18716E51105F}.Release|ARM.Build.0 = Release|ARM
		{763DCDD6-13F3-4511-93B2-18716E51105F}.Release|ARM.Deploy.0 = Release|ARM
		{763DCDD6-13F3-4511-93B2-18716E51105F}.Release|iPhone.ActiveCfg = Release|x86
		{763DCDD6-13F3-4511-93B2-18716E51105F}.Release|iPhoneSimulator.ActiveCfg = Release|x86
		{763DCDD6-13F3-4511-93B2-18716E51105F}.Release|x64.ActiveCfg = Release|x64
		{763DCDD6-13F3-4511-93B2-18716E51105F}.Release|x64.Build.0 = Release|x64
		{763DCDD6-13F3-4511-93B2-18716E51105F}.Release|x64.Deploy.0 = Release|x64
		{763DCDD6-13F3-4511-93B2-18716E51105F}.Release|x86.ActiveCfg = Release|x86
		{763DCDD6-13F3-4511-93B2-18716E51105F}.Release|x86.Build.0 = Release|x86
		{763DCDD6-13F3-4511-93B2-18716E51105F}.Release|x86.Deploy.0 = Release|x86
		{77395AD5-FD08-41C9-9F3E-944BE1FD3FB9}.Ad-Hoc|Any CPU.ActiveCfg = Release|Any CPU
		{77395AD5-FD08-41C9-9F3E-944BE1FD3FB9}.Ad-Hoc|Any CPU.Build.0 = Release|Any CPU
		{77395AD5-FD08-41C9-9F3E-944BE1FD3FB9}.Ad-Hoc|ARM.ActiveCfg = Release|Any CPU
		{77395AD5-FD08-41C9-9F3E-944BE1FD3FB9}.Ad-Hoc|ARM.Build.0 = Release|Any CPU
		{77395AD5-FD08-41C9-9F3E-944BE1FD3FB9}.Ad-Hoc|iPhone.ActiveCfg = Release|Any CPU
		{77395AD5-FD08-41C9-9F3E-944BE1FD3FB9}.Ad-Hoc|iPhone.Build.0 = Release|Any CPU
		{77395AD5-FD08-41C9-9F3E-944BE1FD3FB9}.Ad-Hoc|iPhoneSimulator.ActiveCfg = Release|Any CPU
		{77395AD5-FD08-41C9-9F3E-944BE1FD3FB9}.Ad-Hoc|iPhoneSimulator.Build.0 = Release|Any CPU
		{77395AD5-FD08-41C9-9F3E-944BE1FD3FB9}.Ad-Hoc|x64.ActiveCfg = Release|Any CPU
		{77395AD5-FD08-41C9-9F3E-944BE1FD3FB9}.Ad-Hoc|x64.Build.0 = Release|Any CPU
		{77395AD5-FD08-41C9-9F3E-944BE1FD3FB9}.Ad-Hoc|x86.ActiveCfg = Release|Any CPU
		{77395AD5-FD08-41C9-9F3E-944BE1FD3FB9}.Ad-Hoc|x86.Build.0 = Release|Any CPU
		{77395AD5-FD08-41C9-9F3E-944BE1FD3FB9}.AppStore|Any CPU.ActiveCfg = Release|Any CPU
		{77395AD5-FD08-41C9-9F3E-944BE1FD3FB9}.AppStore|Any CPU.Build.0 = Release|Any CPU
		{77395AD5-FD08-41C9-9F3E-944BE1FD3FB9}.AppStore|ARM.ActiveCfg = Release|Any CPU
		{77395AD5-FD08-41C9-9F3E-944BE1FD3FB9}.AppStore|ARM.Build.0 = Release|Any CPU
		{77395AD5-FD08-41C9-9F3E-944BE1FD3FB9}.AppStore|iPhone.ActiveCfg = Release|Any CPU
		{77395AD5-FD08-41C9-9F3E-944BE1FD3FB9}.AppStore|iPhone.Build.0 = Release|Any CPU
		{77395AD5-FD08-41C9-9F3E-944BE1FD3FB9}.AppStore|iPhoneSimulator.ActiveCfg = Release|Any CPU
		{77395AD5-FD08-41C9-9F3E-944BE1FD3FB9}.AppStore|iPhoneSimulator.Build.0 = Release|Any CPU
		{77395AD5-FD08-41C9-9F3E-944BE1FD3FB9}.AppStore|x64.ActiveCfg = Release|Any CPU
		{77395AD5-FD08-41C9-9F3E-944BE1FD3FB9}.AppStore|x64.Build.0 = Release|Any CPU
		{77395AD5-FD08-41C9-9F3E-944BE1FD3FB9}.AppStore|x86.ActiveCfg = Release|Any CPU
		{77395AD5-FD08-41C9-9F3E-944BE1FD3FB9}.AppStore|x86.Build.0 = Release|Any CPU
		{77395AD5-FD08-41C9-9F3E-944BE1FD3FB9}.Debug|Any CPU.ActiveCfg = Debug|Any CPU
		{77395AD5-FD08-41C9-9F3E-944BE1FD3FB9}.Debug|Any CPU.Build.0 = Debug|Any CPU
		{77395AD5-FD08-41C9-9F3E-944BE1FD3FB9}.Debug|ARM.ActiveCfg = Debug|Any CPU
		{77395AD5-FD08-41C9-9F3E-944BE1FD3FB9}.Debug|ARM.Build.0 = Debug|Any CPU
		{77395AD5-FD08-41C9-9F3E-944BE1FD3FB9}.Debug|iPhone.ActiveCfg = Debug|Any CPU
		{77395AD5-FD08-41C9-9F3E-944BE1FD3FB9}.Debug|iPhone.Build.0 = Debug|Any CPU
		{77395AD5-FD08-41C9-9F3E-944BE1FD3FB9}.Debug|iPhoneSimulator.ActiveCfg = Debug|Any CPU
		{77395AD5-FD08-41C9-9F3E-944BE1FD3FB9}.Debug|iPhoneSimulator.Build.0 = Debug|Any CPU
		{77395AD5-FD08-41C9-9F3E-944BE1FD3FB9}.Debug|x64.ActiveCfg = Debug|Any CPU
		{77395AD5-FD08-41C9-9F3E-944BE1FD3FB9}.Debug|x64.Build.0 = Debug|Any CPU
		{77395AD5-FD08-41C9-9F3E-944BE1FD3FB9}.Debug|x86.ActiveCfg = Debug|Any CPU
		{77395AD5-FD08-41C9-9F3E-944BE1FD3FB9}.Debug|x86.Build.0 = Debug|Any CPU
		{77395AD5-FD08-41C9-9F3E-944BE1FD3FB9}.Release|Any CPU.ActiveCfg = Release|Any CPU
		{77395AD5-FD08-41C9-9F3E-944BE1FD3FB9}.Release|Any CPU.Build.0 = Release|Any CPU
		{77395AD5-FD08-41C9-9F3E-944BE1FD3FB9}.Release|ARM.ActiveCfg = Release|Any CPU
		{77395AD5-FD08-41C9-9F3E-944BE1FD3FB9}.Release|ARM.Build.0 = Release|Any CPU
		{77395AD5-FD08-41C9-9F3E-944BE1FD3FB9}.Release|iPhone.ActiveCfg = Release|Any CPU
		{77395AD5-FD08-41C9-9F3E-944BE1FD3FB9}.Release|iPhone.Build.0 = Release|Any CPU
		{77395AD5-FD08-41C9-9F3E-944BE1FD3FB9}.Release|iPhoneSimulator.ActiveCfg = Release|Any CPU
		{77395AD5-FD08-41C9-9F3E-944BE1FD3FB9}.Release|iPhoneSimulator.Build.0 = Release|Any CPU
		{77395AD5-FD08-41C9-9F3E-944BE1FD3FB9}.Release|x64.ActiveCfg = Release|Any CPU
		{77395AD5-FD08-41C9-9F3E-944BE1FD3FB9}.Release|x64.Build.0 = Release|Any CPU
		{77395AD5-FD08-41C9-9F3E-944BE1FD3FB9}.Release|x86.ActiveCfg = Release|Any CPU
		{77395AD5-FD08-41C9-9F3E-944BE1FD3FB9}.Release|x86.Build.0 = Release|Any CPU
		{943A7F85-6DBB-4C79-AFF0-2DF617C6E10E}.Ad-Hoc|Any CPU.ActiveCfg = Release|Any CPU
		{943A7F85-6DBB-4C79-AFF0-2DF617C6E10E}.Ad-Hoc|Any CPU.Build.0 = Release|Any CPU
		{943A7F85-6DBB-4C79-AFF0-2DF617C6E10E}.Ad-Hoc|ARM.ActiveCfg = Release|Any CPU
		{943A7F85-6DBB-4C79-AFF0-2DF617C6E10E}.Ad-Hoc|ARM.Build.0 = Release|Any CPU
		{943A7F85-6DBB-4C79-AFF0-2DF617C6E10E}.Ad-Hoc|iPhone.ActiveCfg = Release|Any CPU
		{943A7F85-6DBB-4C79-AFF0-2DF617C6E10E}.Ad-Hoc|iPhone.Build.0 = Release|Any CPU
		{943A7F85-6DBB-4C79-AFF0-2DF617C6E10E}.Ad-Hoc|iPhoneSimulator.ActiveCfg = Release|Any CPU
		{943A7F85-6DBB-4C79-AFF0-2DF617C6E10E}.Ad-Hoc|iPhoneSimulator.Build.0 = Release|Any CPU
		{943A7F85-6DBB-4C79-AFF0-2DF617C6E10E}.Ad-Hoc|x64.ActiveCfg = Release|Any CPU
		{943A7F85-6DBB-4C79-AFF0-2DF617C6E10E}.Ad-Hoc|x64.Build.0 = Release|Any CPU
		{943A7F85-6DBB-4C79-AFF0-2DF617C6E10E}.Ad-Hoc|x86.ActiveCfg = Release|Any CPU
		{943A7F85-6DBB-4C79-AFF0-2DF617C6E10E}.Ad-Hoc|x86.Build.0 = Release|Any CPU
		{943A7F85-6DBB-4C79-AFF0-2DF617C6E10E}.AppStore|Any CPU.ActiveCfg = Release|Any CPU
		{943A7F85-6DBB-4C79-AFF0-2DF617C6E10E}.AppStore|Any CPU.Build.0 = Release|Any CPU
		{943A7F85-6DBB-4C79-AFF0-2DF617C6E10E}.AppStore|ARM.ActiveCfg = Release|Any CPU
		{943A7F85-6DBB-4C79-AFF0-2DF617C6E10E}.AppStore|ARM.Build.0 = Release|Any CPU
		{943A7F85-6DBB-4C79-AFF0-2DF617C6E10E}.AppStore|iPhone.ActiveCfg = Release|Any CPU
		{943A7F85-6DBB-4C79-AFF0-2DF617C6E10E}.AppStore|iPhone.Build.0 = Release|Any CPU
		{943A7F85-6DBB-4C79-AFF0-2DF617C6E10E}.AppStore|iPhoneSimulator.ActiveCfg = Release|Any CPU
		{943A7F85-6DBB-4C79-AFF0-2DF617C6E10E}.AppStore|iPhoneSimulator.Build.0 = Release|Any CPU
		{943A7F85-6DBB-4C79-AFF0-2DF617C6E10E}.AppStore|x64.ActiveCfg = Release|Any CPU
		{943A7F85-6DBB-4C79-AFF0-2DF617C6E10E}.AppStore|x64.Build.0 = Release|Any CPU
		{943A7F85-6DBB-4C79-AFF0-2DF617C6E10E}.AppStore|x86.ActiveCfg = Release|Any CPU
		{943A7F85-6DBB-4C79-AFF0-2DF617C6E10E}.AppStore|x86.Build.0 = Release|Any CPU
		{943A7F85-6DBB-4C79-AFF0-2DF617C6E10E}.Debug|Any CPU.ActiveCfg = Debug|Any CPU
		{943A7F85-6DBB-4C79-AFF0-2DF617C6E10E}.Debug|Any CPU.Build.0 = Debug|Any CPU
		{943A7F85-6DBB-4C79-AFF0-2DF617C6E10E}.Debug|ARM.ActiveCfg = Debug|Any CPU
		{943A7F85-6DBB-4C79-AFF0-2DF617C6E10E}.Debug|ARM.Build.0 = Debug|Any CPU
		{943A7F85-6DBB-4C79-AFF0-2DF617C6E10E}.Debug|iPhone.ActiveCfg = Debug|Any CPU
		{943A7F85-6DBB-4C79-AFF0-2DF617C6E10E}.Debug|iPhone.Build.0 = Debug|Any CPU
		{943A7F85-6DBB-4C79-AFF0-2DF617C6E10E}.Debug|iPhoneSimulator.ActiveCfg = Debug|Any CPU
		{943A7F85-6DBB-4C79-AFF0-2DF617C6E10E}.Debug|iPhoneSimulator.Build.0 = Debug|Any CPU
		{943A7F85-6DBB-4C79-AFF0-2DF617C6E10E}.Debug|x64.ActiveCfg = Debug|Any CPU
		{943A7F85-6DBB-4C79-AFF0-2DF617C6E10E}.Debug|x64.Build.0 = Debug|Any CPU
		{943A7F85-6DBB-4C79-AFF0-2DF617C6E10E}.Debug|x86.ActiveCfg = Debug|Any CPU
		{943A7F85-6DBB-4C79-AFF0-2DF617C6E10E}.Debug|x86.Build.0 = Debug|Any CPU
		{943A7F85-6DBB-4C79-AFF0-2DF617C6E10E}.Release|Any CPU.ActiveCfg = Release|Any CPU
		{943A7F85-6DBB-4C79-AFF0-2DF617C6E10E}.Release|Any CPU.Build.0 = Release|Any CPU
		{943A7F85-6DBB-4C79-AFF0-2DF617C6E10E}.Release|ARM.ActiveCfg = Release|Any CPU
		{943A7F85-6DBB-4C79-AFF0-2DF617C6E10E}.Release|ARM.Build.0 = Release|Any CPU
		{943A7F85-6DBB-4C79-AFF0-2DF617C6E10E}.Release|iPhone.ActiveCfg = Release|Any CPU
		{943A7F85-6DBB-4C79-AFF0-2DF617C6E10E}.Release|iPhone.Build.0 = Release|Any CPU
		{943A7F85-6DBB-4C79-AFF0-2DF617C6E10E}.Release|iPhoneSimulator.ActiveCfg = Release|Any CPU
		{943A7F85-6DBB-4C79-AFF0-2DF617C6E10E}.Release|iPhoneSimulator.Build.0 = Release|Any CPU
		{943A7F85-6DBB-4C79-AFF0-2DF617C6E10E}.Release|x64.ActiveCfg = Release|Any CPU
		{943A7F85-6DBB-4C79-AFF0-2DF617C6E10E}.Release|x64.Build.0 = Release|Any CPU
		{943A7F85-6DBB-4C79-AFF0-2DF617C6E10E}.Release|x86.ActiveCfg = Release|Any CPU
		{943A7F85-6DBB-4C79-AFF0-2DF617C6E10E}.Release|x86.Build.0 = Release|Any CPU
		{D23E5D62-5FAF-4598-A4A2-74A3DA4948C7}.Ad-Hoc|Any CPU.ActiveCfg = Release|Any CPU
		{D23E5D62-5FAF-4598-A4A2-74A3DA4948C7}.Ad-Hoc|Any CPU.Build.0 = Release|Any CPU
		{D23E5D62-5FAF-4598-A4A2-74A3DA4948C7}.Ad-Hoc|ARM.ActiveCfg = Release|Any CPU
		{D23E5D62-5FAF-4598-A4A2-74A3DA4948C7}.Ad-Hoc|ARM.Build.0 = Release|Any CPU
		{D23E5D62-5FAF-4598-A4A2-74A3DA4948C7}.Ad-Hoc|iPhone.ActiveCfg = Release|Any CPU
		{D23E5D62-5FAF-4598-A4A2-74A3DA4948C7}.Ad-Hoc|iPhone.Build.0 = Release|Any CPU
		{D23E5D62-5FAF-4598-A4A2-74A3DA4948C7}.Ad-Hoc|iPhoneSimulator.ActiveCfg = Release|Any CPU
		{D23E5D62-5FAF-4598-A4A2-74A3DA4948C7}.Ad-Hoc|iPhoneSimulator.Build.0 = Release|Any CPU
		{D23E5D62-5FAF-4598-A4A2-74A3DA4948C7}.Ad-Hoc|x64.ActiveCfg = Release|Any CPU
		{D23E5D62-5FAF-4598-A4A2-74A3DA4948C7}.Ad-Hoc|x64.Build.0 = Release|Any CPU
		{D23E5D62-5FAF-4598-A4A2-74A3DA4948C7}.Ad-Hoc|x86.ActiveCfg = Release|Any CPU
		{D23E5D62-5FAF-4598-A4A2-74A3DA4948C7}.Ad-Hoc|x86.Build.0 = Release|Any CPU
		{D23E5D62-5FAF-4598-A4A2-74A3DA4948C7}.AppStore|Any CPU.ActiveCfg = Release|Any CPU
		{D23E5D62-5FAF-4598-A4A2-74A3DA4948C7}.AppStore|Any CPU.Build.0 = Release|Any CPU
		{D23E5D62-5FAF-4598-A4A2-74A3DA4948C7}.AppStore|ARM.ActiveCfg = Release|Any CPU
		{D23E5D62-5FAF-4598-A4A2-74A3DA4948C7}.AppStore|ARM.Build.0 = Release|Any CPU
		{D23E5D62-5FAF-4598-A4A2-74A3DA4948C7}.AppStore|iPhone.ActiveCfg = Release|Any CPU
		{D23E5D62-5FAF-4598-A4A2-74A3DA4948C7}.AppStore|iPhone.Build.0 = Release|Any CPU
		{D23E5D62-5FAF-4598-A4A2-74A3DA4948C7}.AppStore|iPhoneSimulator.ActiveCfg = Release|Any CPU
		{D23E5D62-5FAF-4598-A4A2-74A3DA4948C7}.AppStore|iPhoneSimulator.Build.0 = Release|Any CPU
		{D23E5D62-5FAF-4598-A4A2-74A3DA4948C7}.AppStore|x64.ActiveCfg = Release|Any CPU
		{D23E5D62-5FAF-4598-A4A2-74A3DA4948C7}.AppStore|x64.Build.0 = Release|Any CPU
		{D23E5D62-5FAF-4598-A4A2-74A3DA4948C7}.AppStore|x86.ActiveCfg = Release|Any CPU
		{D23E5D62-5FAF-4598-A4A2-74A3DA4948C7}.AppStore|x86.Build.0 = Release|Any CPU
		{D23E5D62-5FAF-4598-A4A2-74A3DA4948C7}.Debug|Any CPU.ActiveCfg = Debug|Any CPU
		{D23E5D62-5FAF-4598-A4A2-74A3DA4948C7}.Debug|Any CPU.Build.0 = Debug|Any CPU
		{D23E5D62-5FAF-4598-A4A2-74A3DA4948C7}.Debug|ARM.ActiveCfg = Debug|Any CPU
		{D23E5D62-5FAF-4598-A4A2-74A3DA4948C7}.Debug|ARM.Build.0 = Debug|Any CPU
		{D23E5D62-5FAF-4598-A4A2-74A3DA4948C7}.Debug|iPhone.ActiveCfg = Debug|Any CPU
		{D23E5D62-5FAF-4598-A4A2-74A3DA4948C7}.Debug|iPhone.Build.0 = Debug|Any CPU
		{D23E5D62-5FAF-4598-A4A2-74A3DA4948C7}.Debug|iPhoneSimulator.ActiveCfg = Debug|Any CPU
		{D23E5D62-5FAF-4598-A4A2-74A3DA4948C7}.Debug|iPhoneSimulator.Build.0 = Debug|Any CPU
		{D23E5D62-5FAF-4598-A4A2-74A3DA4948C7}.Debug|x64.ActiveCfg = Debug|Any CPU
		{D23E5D62-5FAF-4598-A4A2-74A3DA4948C7}.Debug|x64.Build.0 = Debug|Any CPU
		{D23E5D62-5FAF-4598-A4A2-74A3DA4948C7}.Debug|x86.ActiveCfg = Debug|Any CPU
		{D23E5D62-5FAF-4598-A4A2-74A3DA4948C7}.Debug|x86.Build.0 = Debug|Any CPU
		{D23E5D62-5FAF-4598-A4A2-74A3DA4948C7}.Release|Any CPU.ActiveCfg = Release|Any CPU
		{D23E5D62-5FAF-4598-A4A2-74A3DA4948C7}.Release|Any CPU.Build.0 = Release|Any CPU
		{D23E5D62-5FAF-4598-A4A2-74A3DA4948C7}.Release|ARM.ActiveCfg = Release|Any CPU
		{D23E5D62-5FAF-4598-A4A2-74A3DA4948C7}.Release|ARM.Build.0 = Release|Any CPU
		{D23E5D62-5FAF-4598-A4A2-74A3DA4948C7}.Release|iPhone.ActiveCfg = Release|Any CPU
		{D23E5D62-5FAF-4598-A4A2-74A3DA4948C7}.Release|iPhone.Build.0 = Release|Any CPU
		{D23E5D62-5FAF-4598-A4A2-74A3DA4948C7}.Release|iPhoneSimulator.ActiveCfg = Release|Any CPU
		{D23E5D62-5FAF-4598-A4A2-74A3DA4948C7}.Release|iPhoneSimulator.Build.0 = Release|Any CPU
		{D23E5D62-5FAF-4598-A4A2-74A3DA4948C7}.Release|x64.ActiveCfg = Release|Any CPU
		{D23E5D62-5FAF-4598-A4A2-74A3DA4948C7}.Release|x64.Build.0 = Release|Any CPU
		{D23E5D62-5FAF-4598-A4A2-74A3DA4948C7}.Release|x86.ActiveCfg = Release|Any CPU
		{D23E5D62-5FAF-4598-A4A2-74A3DA4948C7}.Release|x86.Build.0 = Release|Any CPU
		{AA96EA76-7A95-4736-AEFC-543307C574EE}.Ad-Hoc|Any CPU.ActiveCfg = Release|Any CPU
		{AA96EA76-7A95-4736-AEFC-543307C574EE}.Ad-Hoc|Any CPU.Build.0 = Release|Any CPU
		{AA96EA76-7A95-4736-AEFC-543307C574EE}.Ad-Hoc|ARM.ActiveCfg = Release|Any CPU
		{AA96EA76-7A95-4736-AEFC-543307C574EE}.Ad-Hoc|ARM.Build.0 = Release|Any CPU
		{AA96EA76-7A95-4736-AEFC-543307C574EE}.Ad-Hoc|iPhone.ActiveCfg = Release|Any CPU
		{AA96EA76-7A95-4736-AEFC-543307C574EE}.Ad-Hoc|iPhone.Build.0 = Release|Any CPU
		{AA96EA76-7A95-4736-AEFC-543307C574EE}.Ad-Hoc|iPhoneSimulator.ActiveCfg = Release|Any CPU
		{AA96EA76-7A95-4736-AEFC-543307C574EE}.Ad-Hoc|iPhoneSimulator.Build.0 = Release|Any CPU
		{AA96EA76-7A95-4736-AEFC-543307C574EE}.Ad-Hoc|x64.ActiveCfg = Release|Any CPU
		{AA96EA76-7A95-4736-AEFC-543307C574EE}.Ad-Hoc|x64.Build.0 = Release|Any CPU
		{AA96EA76-7A95-4736-AEFC-543307C574EE}.Ad-Hoc|x86.ActiveCfg = Release|Any CPU
		{AA96EA76-7A95-4736-AEFC-543307C574EE}.Ad-Hoc|x86.Build.0 = Release|Any CPU
		{AA96EA76-7A95-4736-AEFC-543307C574EE}.AppStore|Any CPU.ActiveCfg = Release|Any CPU
		{AA96EA76-7A95-4736-AEFC-543307C574EE}.AppStore|Any CPU.Build.0 = Release|Any CPU
		{AA96EA76-7A95-4736-AEFC-543307C574EE}.AppStore|ARM.ActiveCfg = Release|Any CPU
		{AA96EA76-7A95-4736-AEFC-543307C574EE}.AppStore|ARM.Build.0 = Release|Any CPU
		{AA96EA76-7A95-4736-AEFC-543307C574EE}.AppStore|iPhone.ActiveCfg = Release|Any CPU
		{AA96EA76-7A95-4736-AEFC-543307C574EE}.AppStore|iPhone.Build.0 = Release|Any CPU
		{AA96EA76-7A95-4736-AEFC-543307C574EE}.AppStore|iPhoneSimulator.ActiveCfg = Release|Any CPU
		{AA96EA76-7A95-4736-AEFC-543307C574EE}.AppStore|iPhoneSimulator.Build.0 = Release|Any CPU
		{AA96EA76-7A95-4736-AEFC-543307C574EE}.AppStore|x64.ActiveCfg = Release|Any CPU
		{AA96EA76-7A95-4736-AEFC-543307C574EE}.AppStore|x64.Build.0 = Release|Any CPU
		{AA96EA76-7A95-4736-AEFC-543307C574EE}.AppStore|x86.ActiveCfg = Release|Any CPU
		{AA96EA76-7A95-4736-AEFC-543307C574EE}.AppStore|x86.Build.0 = Release|Any CPU
		{AA96EA76-7A95-4736-AEFC-543307C574EE}.Debug|Any CPU.ActiveCfg = Debug|Any CPU
		{AA96EA76-7A95-4736-AEFC-543307C574EE}.Debug|Any CPU.Build.0 = Debug|Any CPU
		{AA96EA76-7A95-4736-AEFC-543307C574EE}.Debug|ARM.ActiveCfg = Debug|Any CPU
		{AA96EA76-7A95-4736-AEFC-543307C574EE}.Debug|ARM.Build.0 = Debug|Any CPU
		{AA96EA76-7A95-4736-AEFC-543307C574EE}.Debug|iPhone.ActiveCfg = Debug|Any CPU
		{AA96EA76-7A95-4736-AEFC-543307C574EE}.Debug|iPhone.Build.0 = Debug|Any CPU
		{AA96EA76-7A95-4736-AEFC-543307C574EE}.Debug|iPhoneSimulator.ActiveCfg = Debug|Any CPU
		{AA96EA76-7A95-4736-AEFC-543307C574EE}.Debug|iPhoneSimulator.Build.0 = Debug|Any CPU
		{AA96EA76-7A95-4736-AEFC-543307C574EE}.Debug|x64.ActiveCfg = Debug|Any CPU
		{AA96EA76-7A95-4736-AEFC-543307C574EE}.Debug|x64.Build.0 = Debug|Any CPU
		{AA96EA76-7A95-4736-AEFC-543307C574EE}.Debug|x86.ActiveCfg = Debug|Any CPU
		{AA96EA76-7A95-4736-AEFC-543307C574EE}.Debug|x86.Build.0 = Debug|Any CPU
		{AA96EA76-7A95-4736-AEFC-543307C574EE}.Release|Any CPU.ActiveCfg = Release|Any CPU
		{AA96EA76-7A95-4736-AEFC-543307C574EE}.Release|Any CPU.Build.0 = Release|Any CPU
		{AA96EA76-7A95-4736-AEFC-543307C574EE}.Release|ARM.ActiveCfg = Release|Any CPU
		{AA96EA76-7A95-4736-AEFC-543307C574EE}.Release|ARM.Build.0 = Release|Any CPU
		{AA96EA76-7A95-4736-AEFC-543307C574EE}.Release|iPhone.ActiveCfg = Release|Any CPU
		{AA96EA76-7A95-4736-AEFC-543307C574EE}.Release|iPhone.Build.0 = Release|Any CPU
		{AA96EA76-7A95-4736-AEFC-543307C574EE}.Release|iPhoneSimulator.ActiveCfg = Release|Any CPU
		{AA96EA76-7A95-4736-AEFC-543307C574EE}.Release|iPhoneSimulator.Build.0 = Release|Any CPU
		{AA96EA76-7A95-4736-AEFC-543307C574EE}.Release|x64.ActiveCfg = Release|Any CPU
		{AA96EA76-7A95-4736-AEFC-543307C574EE}.Release|x64.Build.0 = Release|Any CPU
		{AA96EA76-7A95-4736-AEFC-543307C574EE}.Release|x86.ActiveCfg = Release|Any CPU
		{AA96EA76-7A95-4736-AEFC-543307C574EE}.Release|x86.Build.0 = Release|Any CPU
		{5585783C-6224-4CC6-B1D9-B848A2B63A53}.Ad-Hoc|Any CPU.ActiveCfg = Release|Any CPU
		{5585783C-6224-4CC6-B1D9-B848A2B63A53}.Ad-Hoc|Any CPU.Build.0 = Release|Any CPU
		{5585783C-6224-4CC6-B1D9-B848A2B63A53}.Ad-Hoc|ARM.ActiveCfg = Release|Any CPU
		{5585783C-6224-4CC6-B1D9-B848A2B63A53}.Ad-Hoc|ARM.Build.0 = Release|Any CPU
		{5585783C-6224-4CC6-B1D9-B848A2B63A53}.Ad-Hoc|iPhone.ActiveCfg = Release|Any CPU
		{5585783C-6224-4CC6-B1D9-B848A2B63A53}.Ad-Hoc|iPhone.Build.0 = Release|Any CPU
		{5585783C-6224-4CC6-B1D9-B848A2B63A53}.Ad-Hoc|iPhoneSimulator.ActiveCfg = Release|Any CPU
		{5585783C-6224-4CC6-B1D9-B848A2B63A53}.Ad-Hoc|iPhoneSimulator.Build.0 = Release|Any CPU
		{5585783C-6224-4CC6-B1D9-B848A2B63A53}.Ad-Hoc|x64.ActiveCfg = Release|Any CPU
		{5585783C-6224-4CC6-B1D9-B848A2B63A53}.Ad-Hoc|x64.Build.0 = Release|Any CPU
		{5585783C-6224-4CC6-B1D9-B848A2B63A53}.Ad-Hoc|x86.ActiveCfg = Release|Any CPU
		{5585783C-6224-4CC6-B1D9-B848A2B63A53}.Ad-Hoc|x86.Build.0 = Release|Any CPU
		{5585783C-6224-4CC6-B1D9-B848A2B63A53}.AppStore|Any CPU.ActiveCfg = Release|Any CPU
		{5585783C-6224-4CC6-B1D9-B848A2B63A53}.AppStore|Any CPU.Build.0 = Release|Any CPU
		{5585783C-6224-4CC6-B1D9-B848A2B63A53}.AppStore|ARM.ActiveCfg = Release|Any CPU
		{5585783C-6224-4CC6-B1D9-B848A2B63A53}.AppStore|ARM.Build.0 = Release|Any CPU
		{5585783C-6224-4CC6-B1D9-B848A2B63A53}.AppStore|iPhone.ActiveCfg = Release|Any CPU
		{5585783C-6224-4CC6-B1D9-B848A2B63A53}.AppStore|iPhone.Build.0 = Release|Any CPU
		{5585783C-6224-4CC6-B1D9-B848A2B63A53}.AppStore|iPhoneSimulator.ActiveCfg = Release|Any CPU
		{5585783C-6224-4CC6-B1D9-B848A2B63A53}.AppStore|iPhoneSimulator.Build.0 = Release|Any CPU
		{5585783C-6224-4CC6-B1D9-B848A2B63A53}.AppStore|x64.ActiveCfg = Release|Any CPU
		{5585783C-6224-4CC6-B1D9-B848A2B63A53}.AppStore|x64.Build.0 = Release|Any CPU
		{5585783C-6224-4CC6-B1D9-B848A2B63A53}.AppStore|x86.ActiveCfg = Release|Any CPU
		{5585783C-6224-4CC6-B1D9-B848A2B63A53}.AppStore|x86.Build.0 = Release|Any CPU
		{5585783C-6224-4CC6-B1D9-B848A2B63A53}.Debug|Any CPU.ActiveCfg = Debug|Any CPU
		{5585783C-6224-4CC6-B1D9-B848A2B63A53}.Debug|Any CPU.Build.0 = Debug|Any CPU
		{5585783C-6224-4CC6-B1D9-B848A2B63A53}.Debug|ARM.ActiveCfg = Debug|Any CPU
		{5585783C-6224-4CC6-B1D9-B848A2B63A53}.Debug|ARM.Build.0 = Debug|Any CPU
		{5585783C-6224-4CC6-B1D9-B848A2B63A53}.Debug|iPhone.ActiveCfg = Debug|Any CPU
		{5585783C-6224-4CC6-B1D9-B848A2B63A53}.Debug|iPhone.Build.0 = Debug|Any CPU
		{5585783C-6224-4CC6-B1D9-B848A2B63A53}.Debug|iPhoneSimulator.ActiveCfg = Debug|Any CPU
		{5585783C-6224-4CC6-B1D9-B848A2B63A53}.Debug|iPhoneSimulator.Build.0 = Debug|Any CPU
		{5585783C-6224-4CC6-B1D9-B848A2B63A53}.Debug|x64.ActiveCfg = Debug|Any CPU
		{5585783C-6224-4CC6-B1D9-B848A2B63A53}.Debug|x64.Build.0 = Debug|Any CPU
		{5585783C-6224-4CC6-B1D9-B848A2B63A53}.Debug|x86.ActiveCfg = Debug|Any CPU
		{5585783C-6224-4CC6-B1D9-B848A2B63A53}.Debug|x86.Build.0 = Debug|Any CPU
		{5585783C-6224-4CC6-B1D9-B848A2B63A53}.Release|Any CPU.ActiveCfg = Release|Any CPU
		{5585783C-6224-4CC6-B1D9-B848A2B63A53}.Release|Any CPU.Build.0 = Release|Any CPU
		{5585783C-6224-4CC6-B1D9-B848A2B63A53}.Release|ARM.ActiveCfg = Release|Any CPU
		{5585783C-6224-4CC6-B1D9-B848A2B63A53}.Release|ARM.Build.0 = Release|Any CPU
		{5585783C-6224-4CC6-B1D9-B848A2B63A53}.Release|iPhone.ActiveCfg = Release|Any CPU
		{5585783C-6224-4CC6-B1D9-B848A2B63A53}.Release|iPhone.Build.0 = Release|Any CPU
		{5585783C-6224-4CC6-B1D9-B848A2B63A53}.Release|iPhoneSimulator.ActiveCfg = Release|Any CPU
		{5585783C-6224-4CC6-B1D9-B848A2B63A53}.Release|iPhoneSimulator.Build.0 = Release|Any CPU
		{5585783C-6224-4CC6-B1D9-B848A2B63A53}.Release|x64.ActiveCfg = Release|Any CPU
		{5585783C-6224-4CC6-B1D9-B848A2B63A53}.Release|x64.Build.0 = Release|Any CPU
		{5585783C-6224-4CC6-B1D9-B848A2B63A53}.Release|x86.ActiveCfg = Release|Any CPU
		{5585783C-6224-4CC6-B1D9-B848A2B63A53}.Release|x86.Build.0 = Release|Any CPU
		{B8B1B6A7-2209-4358-B48B-22A791AFB531}.Ad-Hoc|Any CPU.ActiveCfg = Release|Any CPU
		{B8B1B6A7-2209-4358-B48B-22A791AFB531}.Ad-Hoc|Any CPU.Build.0 = Release|Any CPU
		{B8B1B6A7-2209-4358-B48B-22A791AFB531}.Ad-Hoc|ARM.ActiveCfg = Release|Any CPU
		{B8B1B6A7-2209-4358-B48B-22A791AFB531}.Ad-Hoc|ARM.Build.0 = Release|Any CPU
		{B8B1B6A7-2209-4358-B48B-22A791AFB531}.Ad-Hoc|iPhone.ActiveCfg = Release|Any CPU
		{B8B1B6A7-2209-4358-B48B-22A791AFB531}.Ad-Hoc|iPhone.Build.0 = Release|Any CPU
		{B8B1B6A7-2209-4358-B48B-22A791AFB531}.Ad-Hoc|iPhoneSimulator.ActiveCfg = Release|Any CPU
		{B8B1B6A7-2209-4358-B48B-22A791AFB531}.Ad-Hoc|iPhoneSimulator.Build.0 = Release|Any CPU
		{B8B1B6A7-2209-4358-B48B-22A791AFB531}.Ad-Hoc|x64.ActiveCfg = Release|Any CPU
		{B8B1B6A7-2209-4358-B48B-22A791AFB531}.Ad-Hoc|x64.Build.0 = Release|Any CPU
		{B8B1B6A7-2209-4358-B48B-22A791AFB531}.Ad-Hoc|x86.ActiveCfg = Release|Any CPU
		{B8B1B6A7-2209-4358-B48B-22A791AFB531}.Ad-Hoc|x86.Build.0 = Release|Any CPU
		{B8B1B6A7-2209-4358-B48B-22A791AFB531}.AppStore|Any CPU.ActiveCfg = Release|Any CPU
		{B8B1B6A7-2209-4358-B48B-22A791AFB531}.AppStore|Any CPU.Build.0 = Release|Any CPU
		{B8B1B6A7-2209-4358-B48B-22A791AFB531}.AppStore|ARM.ActiveCfg = Release|Any CPU
		{B8B1B6A7-2209-4358-B48B-22A791AFB531}.AppStore|ARM.Build.0 = Release|Any CPU
		{B8B1B6A7-2209-4358-B48B-22A791AFB531}.AppStore|iPhone.ActiveCfg = Release|Any CPU
		{B8B1B6A7-2209-4358-B48B-22A791AFB531}.AppStore|iPhone.Build.0 = Release|Any CPU
		{B8B1B6A7-2209-4358-B48B-22A791AFB531}.AppStore|iPhoneSimulator.ActiveCfg = Release|Any CPU
		{B8B1B6A7-2209-4358-B48B-22A791AFB531}.AppStore|iPhoneSimulator.Build.0 = Release|Any CPU
		{B8B1B6A7-2209-4358-B48B-22A791AFB531}.AppStore|x64.ActiveCfg = Release|Any CPU
		{B8B1B6A7-2209-4358-B48B-22A791AFB531}.AppStore|x64.Build.0 = Release|Any CPU
		{B8B1B6A7-2209-4358-B48B-22A791AFB531}.AppStore|x86.ActiveCfg = Release|Any CPU
		{B8B1B6A7-2209-4358-B48B-22A791AFB531}.AppStore|x86.Build.0 = Release|Any CPU
		{B8B1B6A7-2209-4358-B48B-22A791AFB531}.Debug|Any CPU.ActiveCfg = Debug|Any CPU
		{B8B1B6A7-2209-4358-B48B-22A791AFB531}.Debug|Any CPU.Build.0 = Debug|Any CPU
		{B8B1B6A7-2209-4358-B48B-22A791AFB531}.Debug|ARM.ActiveCfg = Debug|Any CPU
		{B8B1B6A7-2209-4358-B48B-22A791AFB531}.Debug|ARM.Build.0 = Debug|Any CPU
		{B8B1B6A7-2209-4358-B48B-22A791AFB531}.Debug|iPhone.ActiveCfg = Debug|Any CPU
		{B8B1B6A7-2209-4358-B48B-22A791AFB531}.Debug|iPhone.Build.0 = Debug|Any CPU
		{B8B1B6A7-2209-4358-B48B-22A791AFB531}.Debug|iPhoneSimulator.ActiveCfg = Debug|Any CPU
		{B8B1B6A7-2209-4358-B48B-22A791AFB531}.Debug|iPhoneSimulator.Build.0 = Debug|Any CPU
		{B8B1B6A7-2209-4358-B48B-22A791AFB531}.Debug|x64.ActiveCfg = Debug|Any CPU
		{B8B1B6A7-2209-4358-B48B-22A791AFB531}.Debug|x64.Build.0 = Debug|Any CPU
		{B8B1B6A7-2209-4358-B48B-22A791AFB531}.Debug|x86.ActiveCfg = Debug|Any CPU
		{B8B1B6A7-2209-4358-B48B-22A791AFB531}.Debug|x86.Build.0 = Debug|Any CPU
		{B8B1B6A7-2209-4358-B48B-22A791AFB531}.Release|Any CPU.ActiveCfg = Release|Any CPU
		{B8B1B6A7-2209-4358-B48B-22A791AFB531}.Release|Any CPU.Build.0 = Release|Any CPU
		{B8B1B6A7-2209-4358-B48B-22A791AFB531}.Release|ARM.ActiveCfg = Release|Any CPU
		{B8B1B6A7-2209-4358-B48B-22A791AFB531}.Release|ARM.Build.0 = Release|Any CPU
		{B8B1B6A7-2209-4358-B48B-22A791AFB531}.Release|iPhone.ActiveCfg = Release|Any CPU
		{B8B1B6A7-2209-4358-B48B-22A791AFB531}.Release|iPhone.Build.0 = Release|Any CPU
		{B8B1B6A7-2209-4358-B48B-22A791AFB531}.Release|iPhoneSimulator.ActiveCfg = Release|Any CPU
		{B8B1B6A7-2209-4358-B48B-22A791AFB531}.Release|iPhoneSimulator.Build.0 = Release|Any CPU
		{B8B1B6A7-2209-4358-B48B-22A791AFB531}.Release|x64.ActiveCfg = Release|Any CPU
		{B8B1B6A7-2209-4358-B48B-22A791AFB531}.Release|x64.Build.0 = Release|Any CPU
		{B8B1B6A7-2209-4358-B48B-22A791AFB531}.Release|x86.ActiveCfg = Release|Any CPU
		{B8B1B6A7-2209-4358-B48B-22A791AFB531}.Release|x86.Build.0 = Release|Any CPU
	EndGlobalSection
	GlobalSection(SolutionProperties) = preSolution
		HideSolutionNode = FALSE
	EndGlobalSection
	GlobalSection(NestedProjects) = preSolution
		{418E280A-9F4E-4D85-815B-FA7742C6A0F8} = {7A8268FA-901E-4F13-BAA0-6F47F3A6310E}
		{763DCDD6-13F3-4511-93B2-18716E51105F} = {7A8268FA-901E-4F13-BAA0-6F47F3A6310E}
	EndGlobalSection
	GlobalSection(ExtensibilityGlobals) = postSolution
		SolutionGuid = {C3EF71DD-4137-426F-8F09-459AA75D621B}
	EndGlobalSection
EndGlobal
